
Microsoft Visual Studio Solution File, Format Version 12.00
# Visual Studio 15
VisualStudioVersion = 15.0.37530.8
MinimumVisualStudioVersion = 10.0.40219.1
Project("{8BC9CEB8-8B4A-11D0-8D11-00A0C91BC942}") = "Clean_RUS_Layout", "Clean_RUS_Layout.vcxproj", "{57B19360-8959-4F1A-8C09-B342AAC23126}"
EndProject
Global
	GlobalSection(SolutionConfigurationPlatforms) = preSolution
		Release|x86 = Release|x86
	EndGlobalSection
	GlobalSection(ProjectConfigurationPlatforms) = postSolution
		{57B19360-8959-4F1A-8C09-B342AAC23126}.Release|x86.ActiveCfg = Release|Win32
		{57B19360-8959-4F1A-8C09-B342AAC23126}.Release|x86.Build.0 = Release|Win32
	EndGlobalSection
	GlobalSection(SolutionProperties) = preSolution
		HideSolutionNode = FALSE
	EndGlobalSection
	GlobalSection(ExtensibilityGlobals) = postSolution
		SolutionGuid = {A2A88D24-9BC6-47A6-925D-D598B91DC2A6}
	EndGlobalSection
EndGlobal
