
Microsoft Visual Studio Solution File, Format Version 12.00
# Visual Studio 15
VisualStudioVersion = 15.0.37530.8
MinimumVisualStudioVersion = 10.0.40219.1
Project("{8BC9CEB8-8B4A-11D0-8D11-00A0C91BC942}") = "X86Game4gb", "X86Game4gb.vcxproj", "{BFBF4016-1E82-4B99-932E-A02DE6ED32CE}"
EndProject
Global
	GlobalSection(SolutionConfigurationPlatforms) = preSolution
		Release|x86 = Release|x86
	EndGlobalSection
	GlobalSection(ProjectConfigurationPlatforms) = postSolution
		{BFBF4016-1E82-4B99-932E-A02DE6ED32CE}.Release|x86.ActiveCfg = Release|Win32
		{BFBF4016-1E82-4B99-932E-A02DE6ED32CE}.Release|x86.Build.0 = Release|Win32
	EndGlobalSection
	GlobalSection(SolutionProperties) = preSolution
		HideSolutionNode = FALSE
	EndGlobalSection
	GlobalSection(ExtensibilityGlobals) = postSolution
		SolutionGuid = {3A9DBD79-89D9-460C-A050-FBB3FE9B7569}
	EndGlobalSection
EndGlobal
