<?xml version="1.0" encoding="utf-8"?>
<Project DefaultTargets="Build" ToolsVersion="15.0" xmlns="http://schemas.microsoft.com/developer/msbuild/2003">
  <ItemGroup>
    <ClCompile Include="dllmain.cpp" />
    <ClCompile Include="lowheap.cpp" />
    <ClCompile Include="log.cpp" />
    <ClCompile Include="memhook.cpp" />
  </ItemGroup>
  <ItemGroup>
    <ClInclude Include="r9fix_dlc1.h" />
  </ItemGroup>
</Project>
